
Microsoft Visual Studio Solution File, Format Version 12.00
# Visual Studio Version 16
VisualStudioVersion = 16.0.31515.178
MinimumVisualStudioVersion = 10.0.40219.1
Project("{FAE04EC0-301F-11D3-BF4B-00C04F79EFBC}") = "Husvet", "Husvet\Husvet.csproj", "{619124AB-4D88-4D9C-A407-F2CC482D563C}"
EndProject
Project("{FAE04EC0-301F-11D3-BF4B-00C04F79EFBC}") = "Husvet_TableLayoutPanel", "Husvet_TableLayoutPanel\Husvet_TableLayoutPanel.csproj", "{AAEB0142-DADF-42A4-BCB6-B76A6523FF43}"
EndProject
Global
	GlobalSection(SolutionConfigurationPlatforms) = preSolution
		Debug|Any CPU = Debug|Any CPU
		Release|Any CPU = Release|Any CPU
	EndGlobalSection
	GlobalSection(ProjectConfigurationPlatforms) = postSolution
		{619124AB-4D88-4D9C-A407-F2CC482D563C}.Debug|Any CPU.ActiveCfg = Debug|Any CPU
		{619124AB-4D88-4D9C-A407-F2CC482D563C}.Debug|Any CPU.Build.0 = Debug|Any CPU
		{619124AB-4D88-4D9C-A407-F2CC482D563C}.Release|Any CPU.ActiveCfg = Release|Any CPU
		{619124AB-4D88-4D9C-A407-F2CC482D563C}.Release|Any CPU.Build.0 = Release|Any CPU
		{AAEB0142-DADF-42A4-BCB6-B76A6523FF43}.Debug|Any CPU.ActiveCfg = Debug|Any CPU
		{AAEB0142-DADF-42A4-BCB6-B76A6523FF43}.Debug|Any CPU.Build.0 = Debug|Any CPU
		{AAEB0142-DADF-42A4-BCB6-B76A6523FF43}.Release|Any CPU.ActiveCfg = Release|Any CPU
		{AAEB0142-DADF-42A4-BCB6-B76A6523FF43}.Release|Any CPU.Build.0 = Release|Any CPU
	EndGlobalSection
	GlobalSection(SolutionProperties) = preSolution
		HideSolutionNode = FALSE
	EndGlobalSection
	GlobalSection(ExtensibilityGlobals) = postSolution
		SolutionGuid = {5D813F09-FE68-4D42-9B04-B8D8113B9ADE}
	EndGlobalSection
EndGlobal
